
Microsoft Visual Studio Solution File, Format Version 12.00
# Visual Studio 14
VisualStudioVersion = 14.0.22512.0
MinimumVisualStudioVersion = 10.0.40219.1
Project("{2150E333-8FDC-42A3-9474-1A3956D46DE8}") = "Syntax", "Syntax", "{4FEC7FB3-4F4F-4BD9-94E5-7E5C9BA296B2}"
EndProject
Project("{2150E333-8FDC-42A3-9474-1A3956D46DE8}") = "SyntaxTests", "SyntaxTests", "{9B63A2E1-246A-46D6-B630-AFDBA5EC74CF}"
EndProject
Project("{FAE04EC0-301F-11D3-BF4B-00C04F79EFBC}") = "Net.Bcl", "Net.Bcl\Net.Bcl.csproj", "{4563511A-E9CE-4CA0-AD8C-2AA47AEFCD45}"
EndProject
Project("{FAE04EC0-301F-11D3-BF4B-00C04F79EFBC}") = "Roslyn.Core.Parser", "Roslyn.Core.Parser\Roslyn.Core.Parser.csproj", "{640D7BE6-7DBA-4B39-9B8D-D2EDF9346E36}"
	ProjectSection(ProjectDependencies) = postProject
		{4563511A-E9CE-4CA0-AD8C-2AA47AEFCD45} = {4563511A-E9CE-4CA0-AD8C-2AA47AEFCD45}
	EndProjectSection
EndProject
Project("{FAE04EC0-301F-11D3-BF4B-00C04F79EFBC}") = "Roslyn.CSharp.Parser", "Roslyn.CSharp.Parser\Roslyn.CSharp.Parser.csproj", "{C7F5EA97-5EB7-41C9-A5C0-38B0FDAE805A}"
	ProjectSection(ProjectDependencies) = postProject
		{4563511A-E9CE-4CA0-AD8C-2AA47AEFCD45} = {4563511A-E9CE-4CA0-AD8C-2AA47AEFCD45}
		{640D7BE6-7DBA-4B39-9B8D-D2EDF9346E36} = {640D7BE6-7DBA-4B39-9B8D-D2EDF9346E36}
	EndProjectSection
EndProject
Project("{FAE04EC0-301F-11D3-BF4B-00C04F79EFBC}") = "CSharpSyntaxGenerator", "CSharpSyntaxGenerator\CSharpSyntaxGenerator.csproj", "{6FF3FF92-07ED-41E5-ABDD-3C0AF61DA0C2}"
EndProject
Project("{2150E333-8FDC-42A3-9474-1A3956D46DE8}") = "Tools", "Tools", "{E8A9CA32-46C0-4C9F-9066-2E9B9CF3E377}"
EndProject
Project("{FAE04EC0-301F-11D3-BF4B-00C04F79EFBC}") = "CSharpSyntaxVisualizer", "CSharpSyntaxVisualizer\CSharpSyntaxVisualizer.csproj", "{6E1532ED-0EED-4DAD-A745-276B21C66D7E}"
	ProjectSection(ProjectDependencies) = postProject
		{4563511A-E9CE-4CA0-AD8C-2AA47AEFCD45} = {4563511A-E9CE-4CA0-AD8C-2AA47AEFCD45}
		{C7F5EA97-5EB7-41C9-A5C0-38B0FDAE805A} = {C7F5EA97-5EB7-41C9-A5C0-38B0FDAE805A}
		{640D7BE6-7DBA-4B39-9B8D-D2EDF9346E36} = {640D7BE6-7DBA-4B39-9B8D-D2EDF9346E36}
	EndProjectSection
EndProject
Project("{2150E333-8FDC-42A3-9474-1A3956D46DE8}") = ".nuget", ".nuget", "{12C7225C-DD84-45AA-A477-54EF925FCF6E}"
	ProjectSection(SolutionItems) = preProject
		.nuget\packages.config = .nuget\packages.config
	EndProjectSection
EndProject
Global
	GlobalSection(SolutionConfigurationPlatforms) = preSolution
		Debug|Any CPU = Debug|Any CPU
		Release|Any CPU = Release|Any CPU
	EndGlobalSection
	GlobalSection(ProjectConfigurationPlatforms) = postSolution
		{4563511A-E9CE-4CA0-AD8C-2AA47AEFCD45}.Debug|Any CPU.ActiveCfg = Debug|Any CPU
		{4563511A-E9CE-4CA0-AD8C-2AA47AEFCD45}.Debug|Any CPU.Build.0 = Debug|Any CPU
		{4563511A-E9CE-4CA0-AD8C-2AA47AEFCD45}.Release|Any CPU.ActiveCfg = Release|Any CPU
		{4563511A-E9CE-4CA0-AD8C-2AA47AEFCD45}.Release|Any CPU.Build.0 = Release|Any CPU
		{640D7BE6-7DBA-4B39-9B8D-D2EDF9346E36}.Debug|Any CPU.ActiveCfg = Debug|Any CPU
		{640D7BE6-7DBA-4B39-9B8D-D2EDF9346E36}.Debug|Any CPU.Build.0 = Debug|Any CPU
		{640D7BE6-7DBA-4B39-9B8D-D2EDF9346E36}.Release|Any CPU.ActiveCfg = Release|Any CPU
		{640D7BE6-7DBA-4B39-9B8D-D2EDF9346E36}.Release|Any CPU.Build.0 = Release|Any CPU
		{C7F5EA97-5EB7-41C9-A5C0-38B0FDAE805A}.Debug|Any CPU.ActiveCfg = Debug|Any CPU
		{C7F5EA97-5EB7-41C9-A5C0-38B0FDAE805A}.Debug|Any CPU.Build.0 = Debug|Any CPU
		{C7F5EA97-5EB7-41C9-A5C0-38B0FDAE805A}.Release|Any CPU.ActiveCfg = Release|Any CPU
		{C7F5EA97-5EB7-41C9-A5C0-38B0FDAE805A}.Release|Any CPU.Build.0 = Release|Any CPU
		{6FF3FF92-07ED-41E5-ABDD-3C0AF61DA0C2}.Debug|Any CPU.ActiveCfg = Debug|Any CPU
		{6FF3FF92-07ED-41E5-ABDD-3C0AF61DA0C2}.Debug|Any CPU.Build.0 = Debug|Any CPU
		{6FF3FF92-07ED-41E5-ABDD-3C0AF61DA0C2}.Release|Any CPU.ActiveCfg = Release|Any CPU
		{6FF3FF92-07ED-41E5-ABDD-3C0AF61DA0C2}.Release|Any CPU.Build.0 = Release|Any CPU
		{6E1532ED-0EED-4DAD-A745-276B21C66D7E}.Debug|Any CPU.ActiveCfg = Debug|Any CPU
		{6E1532ED-0EED-4DAD-A745-276B21C66D7E}.Debug|Any CPU.Build.0 = Debug|Any CPU
		{6E1532ED-0EED-4DAD-A745-276B21C66D7E}.Release|Any CPU.ActiveCfg = Release|Any CPU
		{6E1532ED-0EED-4DAD-A745-276B21C66D7E}.Release|Any CPU.Build.0 = Release|Any CPU
	EndGlobalSection
	GlobalSection(SolutionProperties) = preSolution
		HideSolutionNode = FALSE
	EndGlobalSection
	GlobalSection(NestedProjects) = preSolution
		{4563511A-E9CE-4CA0-AD8C-2AA47AEFCD45} = {4FEC7FB3-4F4F-4BD9-94E5-7E5C9BA296B2}
		{640D7BE6-7DBA-4B39-9B8D-D2EDF9346E36} = {4FEC7FB3-4F4F-4BD9-94E5-7E5C9BA296B2}
		{C7F5EA97-5EB7-41C9-A5C0-38B0FDAE805A} = {4FEC7FB3-4F4F-4BD9-94E5-7E5C9BA296B2}
		{6FF3FF92-07ED-41E5-ABDD-3C0AF61DA0C2} = {4FEC7FB3-4F4F-4BD9-94E5-7E5C9BA296B2}
		{6E1532ED-0EED-4DAD-A745-276B21C66D7E} = {E8A9CA32-46C0-4C9F-9066-2E9B9CF3E377}
	EndGlobalSection
EndGlobal
